
Microsoft Visual Studio Solution File, Format Version 12.00
# Visual Studio Version 16
VisualStudioVersion = 16.0.29102.190
MinimumVisualStudioVersion = 10.0.40219.1
Project("{9A19103F-16F7-4668-BE54-9A1E7A4F7556}") = "PartialResponseRequest.Tests", "PartialResponseRequest.Tests\PartialResponseRequest.Tests.csproj", "{A95A289D-3989-4002-8B9E-C3AC76DACCB4}"
EndProject
Project("{9A19103F-16F7-4668-BE54-9A1E7A4F7556}") = "PartialResponseRequest.Core", "PartialResponseRequest.Core\PartialResponseRequest.Core.csproj", "{CF400D77-FBAB-4206-9A83-1BF0050BFC97}"
EndProject
Project("{9A19103F-16F7-4668-BE54-9A1E7A4F7556}") = "PartialResponseRequest.Fields", "PartialResponseRequest.Fields\PartialResponseRequest.Fields.csproj", "{31CEDE1C-E999-41FC-82FB-86471E08206C}"
EndProject
Project("{9A19103F-16F7-4668-BE54-9A1E7A4F7556}") = "PartialResponseRequest.Filters", "PartialResponseRequest.Filters\PartialResponseRequest.Filters.csproj", "{87586BF9-BE15-4180-B3F8-2FC65136655B}"
EndProject
Project("{9A19103F-16F7-4668-BE54-9A1E7A4F7556}") = "PartialResponseRequest.AspNetCore.ResponsePruner", "PartialResponseRequest.AspNetCore.ResponsePruner\PartialResponseRequest.AspNetCore.ResponsePruner.csproj", "{FB63B308-ED56-4240-8F1F-0EE1D9ECDDA8}"
EndProject
Global
	GlobalSection(SolutionConfigurationPlatforms) = preSolution
		Debug|Any CPU = Debug|Any CPU
		Release|Any CPU = Release|Any CPU
	EndGlobalSection
	GlobalSection(ProjectConfigurationPlatforms) = postSolution
		{A95A289D-3989-4002-8B9E-C3AC76DACCB4}.Debug|Any CPU.ActiveCfg = Debug|Any CPU
		{A95A289D-3989-4002-8B9E-C3AC76DACCB4}.Debug|Any CPU.Build.0 = Debug|Any CPU
		{A95A289D-3989-4002-8B9E-C3AC76DACCB4}.Release|Any CPU.ActiveCfg = Release|Any CPU
		{A95A289D-3989-4002-8B9E-C3AC76DACCB4}.Release|Any CPU.Build.0 = Release|Any CPU
		{CF400D77-FBAB-4206-9A83-1BF0050BFC97}.Debug|Any CPU.ActiveCfg = Debug|Any CPU
		{CF400D77-FBAB-4206-9A83-1BF0050BFC97}.Debug|Any CPU.Build.0 = Debug|Any CPU
		{CF400D77-FBAB-4206-9A83-1BF0050BFC97}.Release|Any CPU.ActiveCfg = Release|Any CPU
		{CF400D77-FBAB-4206-9A83-1BF0050BFC97}.Release|Any CPU.Build.0 = Release|Any CPU
		{31CEDE1C-E999-41FC-82FB-86471E08206C}.Debug|Any CPU.ActiveCfg = Debug|Any CPU
		{31CEDE1C-E999-41FC-82FB-86471E08206C}.Debug|Any CPU.Build.0 = Debug|Any CPU
		{31CEDE1C-E999-41FC-82FB-86471E08206C}.Release|Any CPU.ActiveCfg = Release|Any CPU
		{31CEDE1C-E999-41FC-82FB-86471E08206C}.Release|Any CPU.Build.0 = Release|Any CPU
		{87586BF9-BE15-4180-B3F8-2FC65136655B}.Debug|Any CPU.ActiveCfg = Debug|Any CPU
		{87586BF9-BE15-4180-B3F8-2FC65136655B}.Debug|Any CPU.Build.0 = Debug|Any CPU
		{87586BF9-BE15-4180-B3F8-2FC65136655B}.Release|Any CPU.ActiveCfg = Release|Any CPU
		{87586BF9-BE15-4180-B3F8-2FC65136655B}.Release|Any CPU.Build.0 = Release|Any CPU
		{FB63B308-ED56-4240-8F1F-0EE1D9ECDDA8}.Debug|Any CPU.ActiveCfg = Debug|Any CPU
		{FB63B308-ED56-4240-8F1F-0EE1D9ECDDA8}.Debug|Any CPU.Build.0 = Debug|Any CPU
		{FB63B308-ED56-4240-8F1F-0EE1D9ECDDA8}.Release|Any CPU.ActiveCfg = Release|Any CPU
		{FB63B308-ED56-4240-8F1F-0EE1D9ECDDA8}.Release|Any CPU.Build.0 = Release|Any CPU
	EndGlobalSection
	GlobalSection(SolutionProperties) = preSolution
		HideSolutionNode = FALSE
	EndGlobalSection
	GlobalSection(ExtensibilityGlobals) = postSolution
		SolutionGuid = {816E2831-ECC4-4397-B237-1A6641BFA682}
	EndGlobalSection
EndGlobal
